
Microsoft Visual Studio Solution File, Format Version 12.00
# Visual Studio 14
VisualStudioVersion = 14.0.25420.1
MinimumVisualStudioVersion = 10.0.40219.1
Project("{FAE04EC0-301F-11D3-BF4B-00C04F79EFBC}") = "HTMLToolGUI", "HTMLToolGUI\HTMLToolGUI.csproj", "{93022391-61AD-48E1-88F7-FEBFD82B6B21}"
EndProject
Project("{FAE04EC0-301F-11D3-BF4B-00C04F79EFBC}") = "HTMLToolLogic", "HTMLToolLogic\HTMLToolLogic.csproj", "{C697F072-3F01-49DA-B805-8C97DFEEDE0E}"
EndProject
Project("{FAE04EC0-301F-11D3-BF4B-00C04F79EFBC}") = "MVVM", "MVVM\MVVM.csproj", "{8F620037-3C7C-4F77-9419-F50272F51722}"
EndProject
Global
	GlobalSection(SolutionConfigurationPlatforms) = preSolution
		Debug|Any CPU = Debug|Any CPU
		Release|Any CPU = Release|Any CPU
	EndGlobalSection
	GlobalSection(ProjectConfigurationPlatforms) = postSolution
		{93022391-61AD-48E1-88F7-FEBFD82B6B21}.Debug|Any CPU.ActiveCfg = Debug|Any CPU
		{93022391-61AD-48E1-88F7-FEBFD82B6B21}.Debug|Any CPU.Build.0 = Debug|Any CPU
		{93022391-61AD-48E1-88F7-FEBFD82B6B21}.Release|Any CPU.ActiveCfg = Release|Any CPU
		{93022391-61AD-48E1-88F7-FEBFD82B6B21}.Release|Any CPU.Build.0 = Release|Any CPU
		{C697F072-3F01-49DA-B805-8C97DFEEDE0E}.Debug|Any CPU.ActiveCfg = Debug|Any CPU
		{C697F072-3F01-49DA-B805-8C97DFEEDE0E}.Debug|Any CPU.Build.0 = Debug|Any CPU
		{C697F072-3F01-49DA-B805-8C97DFEEDE0E}.Release|Any CPU.ActiveCfg = Release|Any CPU
		{C697F072-3F01-49DA-B805-8C97DFEEDE0E}.Release|Any CPU.Build.0 = Release|Any CPU
		{8F620037-3C7C-4F77-9419-F50272F51722}.Debug|Any CPU.ActiveCfg = Debug|Any CPU
		{8F620037-3C7C-4F77-9419-F50272F51722}.Debug|Any CPU.Build.0 = Debug|Any CPU
		{8F620037-3C7C-4F77-9419-F50272F51722}.Release|Any CPU.ActiveCfg = Release|Any CPU
		{8F620037-3C7C-4F77-9419-F50272F51722}.Release|Any CPU.Build.0 = Release|Any CPU
	EndGlobalSection
	GlobalSection(SolutionProperties) = preSolution
		HideSolutionNode = FALSE
	EndGlobalSection
EndGlobal
